# This file is autogenerated, do not edit; changes may be undone by the next 'dep ensure'.


[[projects]]
  digest = "1:7f89e0c888fb99c61055c646f5678aae645b0b0a1443d9b2dcd9964d850827ce"
  name = "github.com/go-test/deep"
  packages = ["."]
  pruneopts = "UT"
  revision = "6592d9cc0a499ad2d5f574fde80a2b5c5cc3b4f5"
  version = "v1.0.1"

[[projects]]
  branch = "master"
  digest = "1:1ba1d79f2810270045c328ae5d674321db34e3aae468eb4233883b473c5c0467"
  name = "github.com/golang/glog"
  packages = ["."]
  pruneopts = "UT"
  revision = "23def4e6c14b4da8ac2ed8007337bc5eb5007998"

[[projects]]
  branch = "master"
  digest = "1:a10025507a5cfc79d5178bc43f0cc9967887a3b447c54bc7e96add8f410425db"
  name = "github.com/yobert/alsa"
  packages = [
    ".",
    "alsatype",
    "color",
    "pcm",
    "pcm/state",
  ]
  pruneopts = "UT"
  revision = "d38d89fa843e166096739f32cbba5997d0d2c5b0"

[solve-meta]
  analyzer-name = "dep"
  analyzer-version = 1
  input-imports = [
    "github.com/go-test/deep",
    "github.com/golang/glog",
    "github.com/yobert/alsa",
  ]
  solver-name = "gps-cdcl"
  solver-version = 1
